
Microsoft Visual Studio Solution File, Format Version 12.00
# Visual Studio Version 16
VisualStudioVersion = 16.0.30104.148
MinimumVisualStudioVersion = 10.0.40219.1
Project("{FAE04EC0-301F-11D3-BF4B-00C04F79EFBC}") = "Robot_App", "Robot_App.csproj", "{64DB7000-34BA-42A1-8282-5A1DC00247BA}"
EndProject
Project("{FAE04EC0-301F-11D3-BF4B-00C04F79EFBC}") = "WpfRobotInterface", "..\WpfRobotInterface\WpfRobotInterface.csproj", "{F8F2ACF4-6440-439B-920B-049DF0B0D405}"
EndProject
Project("{9A19103F-16F7-4668-BE54-9A1E7A4F7556}") = "EventArgsLibrary", "..\EventArgsLibrary\EventArgsLibrary.csproj", "{11625ECF-0749-446A-BA28-4698B1BE54F5}"
EndProject
Project("{FAE04EC0-301F-11D3-BF4B-00C04F79EFBC}") = "ExtendedSerialPort", "..\ExtendedSerialPort\ExtendedSerialPort.csproj", "{21AC599E-E3D5-4181-AA0F-7C2E00CCA016}"
EndProject
Project("{FAE04EC0-301F-11D3-BF4B-00C04F79EFBC}") = "MessageDecoder", "..\MessageDecoder\MessageDecoder.csproj", "{A30A8A20-11DB-46F7-BA8D-6162C083D06C}"
EndProject
Project("{FAE04EC0-301F-11D3-BF4B-00C04F79EFBC}") = "MessageProcessor", "..\MessageProcessor\MessageProcessor.csproj", "{9CFA6E45-58D5-4829-AAEC-133763C96423}"
EndProject
Project("{FAE04EC0-301F-11D3-BF4B-00C04F79EFBC}") = "Robot", "..\Robot\Robot.csproj", "{E6E3711E-156D-4026-9880-FF58AF14E179}"
EndProject
Project("{FAE04EC0-301F-11D3-BF4B-00C04F79EFBC}") = "MessageEncoder", "..\MessageEncoder\MessageEncoder.csproj", "{4E00D6EF-3756-4666-AFAB-38EA879066CE}"
EndProject
Project("{FAE04EC0-301F-11D3-BF4B-00C04F79EFBC}") = "Utilities", "..\Utilities\Utilities.csproj", "{8E7D0DA4-9A13-4B18-A90E-0243BBCCE40A}"
EndProject
Project("{FAE04EC0-301F-11D3-BF4B-00C04F79EFBC}") = "WpfOscilloscopeControl", "..\..\Interface[UI_ONLY]\WpfOscilloscope\WpfOscilloscopeControl.csproj", "{88BAA407-3FEA-4F4B-BB41-5309CE48884E}"
EndProject
Project("{FAE04EC0-301F-11D3-BF4B-00C04F79EFBC}") = "DataBridgeManager", "..\DataBridge\DataBridgeManager.csproj", "{8E452C74-39B6-46F3-A4A3-F9D68C60BE2C}"
EndProject
Project("{2150E333-8FDC-42A3-9474-1A3956D46DE8}") = "Utils", "Utils", "{BC389B37-5BF0-4E2F-B038-6C71D801B67B}"
	ProjectSection(SolutionItems) = preProject
		Commands.txt = Commands.txt
	EndProjectSection
EndProject
Global
	GlobalSection(SolutionConfigurationPlatforms) = preSolution
		Debug|Any CPU = Debug|Any CPU
		Release|Any CPU = Release|Any CPU
	EndGlobalSection
	GlobalSection(ProjectConfigurationPlatforms) = postSolution
		{64DB7000-34BA-42A1-8282-5A1DC00247BA}.Debug|Any CPU.ActiveCfg = Debug|Any CPU
		{64DB7000-34BA-42A1-8282-5A1DC00247BA}.Debug|Any CPU.Build.0 = Debug|Any CPU
		{64DB7000-34BA-42A1-8282-5A1DC00247BA}.Release|Any CPU.ActiveCfg = Release|Any CPU
		{64DB7000-34BA-42A1-8282-5A1DC00247BA}.Release|Any CPU.Build.0 = Release|Any CPU
		{F8F2ACF4-6440-439B-920B-049DF0B0D405}.Debug|Any CPU.ActiveCfg = Debug|Any CPU
		{F8F2ACF4-6440-439B-920B-049DF0B0D405}.Debug|Any CPU.Build.0 = Debug|Any CPU
		{F8F2ACF4-6440-439B-920B-049DF0B0D405}.Release|Any CPU.ActiveCfg = Release|Any CPU
		{F8F2ACF4-6440-439B-920B-049DF0B0D405}.Release|Any CPU.Build.0 = Release|Any CPU
		{11625ECF-0749-446A-BA28-4698B1BE54F5}.Debug|Any CPU.ActiveCfg = Debug|Any CPU
		{11625ECF-0749-446A-BA28-4698B1BE54F5}.Debug|Any CPU.Build.0 = Debug|Any CPU
		{11625ECF-0749-446A-BA28-4698B1BE54F5}.Release|Any CPU.ActiveCfg = Release|Any CPU
		{11625ECF-0749-446A-BA28-4698B1BE54F5}.Release|Any CPU.Build.0 = Release|Any CPU
		{21AC599E-E3D5-4181-AA0F-7C2E00CCA016}.Debug|Any CPU.ActiveCfg = Debug|Any CPU
		{21AC599E-E3D5-4181-AA0F-7C2E00CCA016}.Debug|Any CPU.Build.0 = Debug|Any CPU
		{21AC599E-E3D5-4181-AA0F-7C2E00CCA016}.Release|Any CPU.ActiveCfg = Release|Any CPU
		{21AC599E-E3D5-4181-AA0F-7C2E00CCA016}.Release|Any CPU.Build.0 = Release|Any CPU
		{A30A8A20-11DB-46F7-BA8D-6162C083D06C}.Debug|Any CPU.ActiveCfg = Debug|Any CPU
		{A30A8A20-11DB-46F7-BA8D-6162C083D06C}.Debug|Any CPU.Build.0 = Debug|Any CPU
		{A30A8A20-11DB-46F7-BA8D-6162C083D06C}.Release|Any CPU.ActiveCfg = Release|Any CPU
		{A30A8A20-11DB-46F7-BA8D-6162C083D06C}.Release|Any CPU.Build.0 = Release|Any CPU
		{9CFA6E45-58D5-4829-AAEC-133763C96423}.Debug|Any CPU.ActiveCfg = Debug|Any CPU
		{9CFA6E45-58D5-4829-AAEC-133763C96423}.Debug|Any CPU.Build.0 = Debug|Any CPU
		{9CFA6E45-58D5-4829-AAEC-133763C96423}.Release|Any CPU.ActiveCfg = Release|Any CPU
		{9CFA6E45-58D5-4829-AAEC-133763C96423}.Release|Any CPU.Build.0 = Release|Any CPU
		{E6E3711E-156D-4026-9880-FF58AF14E179}.Debug|Any CPU.ActiveCfg = Debug|Any CPU
		{E6E3711E-156D-4026-9880-FF58AF14E179}.Debug|Any CPU.Build.0 = Debug|Any CPU
		{E6E3711E-156D-4026-9880-FF58AF14E179}.Release|Any CPU.ActiveCfg = Release|Any CPU
		{E6E3711E-156D-4026-9880-FF58AF14E179}.Release|Any CPU.Build.0 = Release|Any CPU
		{4E00D6EF-3756-4666-AFAB-38EA879066CE}.Debug|Any CPU.ActiveCfg = Debug|Any CPU
		{4E00D6EF-3756-4666-AFAB-38EA879066CE}.Debug|Any CPU.Build.0 = Debug|Any CPU
		{4E00D6EF-3756-4666-AFAB-38EA879066CE}.Release|Any CPU.ActiveCfg = Release|Any CPU
		{4E00D6EF-3756-4666-AFAB-38EA879066CE}.Release|Any CPU.Build.0 = Release|Any CPU
		{8E7D0DA4-9A13-4B18-A90E-0243BBCCE40A}.Debug|Any CPU.ActiveCfg = Debug|Any CPU
		{8E7D0DA4-9A13-4B18-A90E-0243BBCCE40A}.Debug|Any CPU.Build.0 = Debug|Any CPU
		{8E7D0DA4-9A13-4B18-A90E-0243BBCCE40A}.Release|Any CPU.ActiveCfg = Release|Any CPU
		{8E7D0DA4-9A13-4B18-A90E-0243BBCCE40A}.Release|Any CPU.Build.0 = Release|Any CPU
		{88BAA407-3FEA-4F4B-BB41-5309CE48884E}.Debug|Any CPU.ActiveCfg = Debug|Any CPU
		{88BAA407-3FEA-4F4B-BB41-5309CE48884E}.Debug|Any CPU.Build.0 = Debug|Any CPU
		{88BAA407-3FEA-4F4B-BB41-5309CE48884E}.Release|Any CPU.ActiveCfg = Release|Any CPU
		{88BAA407-3FEA-4F4B-BB41-5309CE48884E}.Release|Any CPU.Build.0 = Release|Any CPU
		{8E452C74-39B6-46F3-A4A3-F9D68C60BE2C}.Debug|Any CPU.ActiveCfg = Debug|Any CPU
		{8E452C74-39B6-46F3-A4A3-F9D68C60BE2C}.Debug|Any CPU.Build.0 = Debug|Any CPU
		{8E452C74-39B6-46F3-A4A3-F9D68C60BE2C}.Release|Any CPU.ActiveCfg = Release|Any CPU
		{8E452C74-39B6-46F3-A4A3-F9D68C60BE2C}.Release|Any CPU.Build.0 = Release|Any CPU
	EndGlobalSection
	GlobalSection(SolutionProperties) = preSolution
		HideSolutionNode = FALSE
	EndGlobalSection
	GlobalSection(ExtensibilityGlobals) = postSolution
		SolutionGuid = {598958F1-A4CA-4518-97F7-BC23EB73E067}
	EndGlobalSection
EndGlobal
